<?xml version="1.0" encoding="utf-8"?>
<Project ToolsVersion="4.0" xmlns="http://schemas.microsoft.com/developer/msbuild/2003">
  <ItemGroup>
    <Filter Include="localsearch">
      <UniqueIdentifier>{5fb0270a-2682-4019-a4ef-1b64ff5e9d0f}</UniqueIdentifier>
    </Filter>
    <Filter Include="localsearch\algorithm">
      <UniqueIdentifier>{c381d10b-7592-4dbc-b182-858806c009cd}</UniqueIdentifier>
    </Filter>
    <Filter Include="localsearch\interface">
      <UniqueIdentifier>{99edf9f4-4891-43bb-b3cf-a6cadd5b9dac}</UniqueIdentifier>
    </Filter>
    <Filter Include="localsearch\events">
      <UniqueIdentifier>{a6b6445b-0a46-47f6-bca4-d05650e37247}</UniqueIdentifier>
    </Filter>
  </ItemGroup>
  <ItemGroup>
    <ClInclude Include="localsearch\algorithm\base.hpp">
      <Filter>localsearch\algorithm</Filter>
    </ClInclude>
    <ClInclude Include="localsearch\algorithm\chained_search.hpp">
      <Filter>localsearch\algorithm</Filter>
    </ClInclude>
    <ClInclude Include="localsearch\algorithm\config.hpp">
      <Filter>localsearch\algorithm</Filter>
    </ClInclude>
    <ClInclude Include="localsearch\algorithm\null_algorithm.hpp">
      <Filter>localsearch\algorithm</Filter>
    </ClInclude>
    <ClInclude Include="localsearch\algorithm\rna_search.hpp">
      <Filter>localsearch\algorithm</Filter>
    </ClInclude>
    <ClInclude Include="localsearch\algorithm\tabu_element.hpp">
      <Filter>localsearch\algorithm</Filter>
    </ClInclude>
    <ClInclude Include="localsearch\algorithm\tabu_list.hpp">
      <Filter>localsearch\algorithm</Filter>
    </ClInclude>
    <ClInclude Include="localsearch\algorithm\tabu_search.hpp">
      <Filter>localsearch\algorithm</Filter>
    </ClInclude>
    <ClInclude Include="localsearch\interface\ialgorithm.h">
      <Filter>localsearch\interface</Filter>
    </ClInclude>
    <ClInclude Include="localsearch\interface\ialgorithm_exec.h">
      <Filter>localsearch\interface</Filter>
    </ClInclude>
    <ClInclude Include="localsearch\interface\isolution.h">
      <Filter>localsearch\interface</Filter>
    </ClInclude>
    <ClInclude Include="localsearch\interface\istore.h">
      <Filter>localsearch\interface</Filter>
    </ClInclude>
    <ClInclude Include="localsearch\events\events.h">
      <Filter>localsearch\events</Filter>
    </ClInclude>
    <ClInclude Include="localsearch\events\rna_search_events.h">
      <Filter>localsearch\events</Filter>
    </ClInclude>
    <ClInclude Include="localsearch\events\tabu_search_events.h">
      <Filter>localsearch\events</Filter>
    </ClInclude>
    <ClInclude Include="localsearch\interface\istep.h">
      <Filter>localsearch\interface</Filter>
    </ClInclude>
    <ClInclude Include="localsearch\fitness.hpp">
      <Filter>localsearch</Filter>
    </ClInclude>
    <ClInclude Include="localsearch\factory.hpp">
      <Filter>localsearch</Filter>
    </ClInclude>
    <ClInclude Include="localsearch\store.hpp">
      <Filter>localsearch</Filter>
    </ClInclude>
  </ItemGroup>
</Project>